
Microsoft Visual Studio Solution File, Format Version 12.00
# Visual Studio Version 16
VisualStudioVersion = 16.0.30204.135
MinimumVisualStudioVersion = 10.0.40219.1
Project("{8BC9CEB8-8B4A-11D0-8D11-00A0C91BC942}") = "weekend", "weekend.vcxproj", "{034D4DD7-5065-42E2-9101-13B13CF81AC7}"
EndProject
Global
	GlobalSection(SolutionConfigurationPlatforms) = preSolution
		Debug|x64 = Debug|x64
		Debug|x86 = Debug|x86
		Release|x64 = Release|x64
		Release|x86 = Release|x86
	EndGlobalSection
	GlobalSection(ProjectConfigurationPlatforms) = postSolution
		{034D4DD7-5065-42E2-9101-13B13CF81AC7}.Debug|x64.ActiveCfg = Debug|x64
		{034D4DD7-5065-42E2-9101-13B13CF81AC7}.Debug|x64.Build.0 = Debug|x64
		{034D4DD7-5065-42E2-9101-13B13CF81AC7}.Debug|x86.ActiveCfg = Debug|Win32
		{034D4DD7-5065-42E2-9101-13B13CF81AC7}.Debug|x86.Build.0 = Debug|Win32
		{034D4DD7-5065-42E2-9101-13B13CF81AC7}.Release|x64.ActiveCfg = Release|x64
		{034D4DD7-5065-42E2-9101-13B13CF81AC7}.Release|x64.Build.0 = Release|x64
		{034D4DD7-5065-42E2-9101-13B13CF81AC7}.Release|x86.ActiveCfg = Release|Win32
		{034D4DD7-5065-42E2-9101-13B13CF81AC7}.Release|x86.Build.0 = Release|Win32
	EndGlobalSection
	GlobalSection(SolutionProperties) = preSolution
		HideSolutionNode = FALSE
	EndGlobalSection
	GlobalSection(ExtensibilityGlobals) = postSolution
		SolutionGuid = {CFC41C8D-5452-46B3-8E2C-255A54C68F22}
	EndGlobalSection
EndGlobal
